
Microsoft Visual Studio Solution File, Format Version 12.00
# Visual Studio Version 17
VisualStudioVersion = 17.9.34607.119
MinimumVisualStudioVersion = 10.0.40219.1
Project("{FAE04EC0-301F-11D3-BF4B-00C04F79EFBC}") = "App", "App.csproj", "{4E929760-417E-430F-BA9C-EB4BF6CE0368}"
EndProject
Global
	GlobalSection(SolutionConfigurationPlatforms) = preSolution
		Debug|Any CPU = Debug|Any CPU
		Release|Any CPU = Release|Any CPU
	EndGlobalSection
	GlobalSection(ProjectConfigurationPlatforms) = postSolution
		{4E929760-417E-430F-BA9C-EB4BF6CE0368}.Debug|Any CPU.ActiveCfg = Debug|Any CPU
		{4E929760-417E-430F-BA9C-EB4BF6CE0368}.Debug|Any CPU.Build.0 = Debug|Any CPU
		{4E929760-417E-430F-BA9C-EB4BF6CE0368}.Release|Any CPU.ActiveCfg = Release|Any CPU
		{4E929760-417E-430F-BA9C-EB4BF6CE0368}.Release|Any CPU.Build.0 = Release|Any CPU
	EndGlobalSection
	GlobalSection(SolutionProperties) = preSolution
		HideSolutionNode = FALSE
	EndGlobalSection
	GlobalSection(ExtensibilityGlobals) = postSolution
		SolutionGuid = {030E6E14-6A2D-4000-915A-1763DD6ADA02}
	EndGlobalSection
EndGlobal
